
Microsoft Visual Studio Solution File, Format Version 12.00
# Visual Studio 14
VisualStudioVersion = 14.0.25123.0
MinimumVisualStudioVersion = 10.0.40219.1
Project("{FAE04EC0-301F-11D3-BF4B-00C04F79EFBC}") = "Graph", "Gragh\Graph.csproj", "{C7DE727E-B165-41C4-931B-C2767A8741FC}"
EndProject
Project("{FAE04EC0-301F-11D3-BF4B-00C04F79EFBC}") = "Graph.Tests", "Graph.Tests\Graph.Tests.csproj", "{E5CD3F9A-0323-41CA-BB2B-1E37314D2B10}"
EndProject
Project("{FAE04EC0-301F-11D3-BF4B-00C04F79EFBC}") = "TrainsAPI", "TrainsAPI\TrainsAPI.csproj", "{2D9AA020-32B9-46BF-B626-06F77C490F8D}"
EndProject
Project("{FAE04EC0-301F-11D3-BF4B-00C04F79EFBC}") = "TrainsAPI.Tests", "TrainsAPI.Tests\TrainsAPI.Tests.csproj", "{0A2A1CB2-B516-4EFF-9B3F-57D9D56B710C}"
EndProject
Global
	GlobalSection(SolutionConfigurationPlatforms) = preSolution
		Debug|Any CPU = Debug|Any CPU
		Release|Any CPU = Release|Any CPU
	EndGlobalSection
	GlobalSection(ProjectConfigurationPlatforms) = postSolution
		{C7DE727E-B165-41C4-931B-C2767A8741FC}.Debug|Any CPU.ActiveCfg = Debug|Any CPU
		{C7DE727E-B165-41C4-931B-C2767A8741FC}.Debug|Any CPU.Build.0 = Debug|Any CPU
		{C7DE727E-B165-41C4-931B-C2767A8741FC}.Release|Any CPU.ActiveCfg = Release|Any CPU
		{C7DE727E-B165-41C4-931B-C2767A8741FC}.Release|Any CPU.Build.0 = Release|Any CPU
		{E5CD3F9A-0323-41CA-BB2B-1E37314D2B10}.Debug|Any CPU.ActiveCfg = Debug|Any CPU
		{E5CD3F9A-0323-41CA-BB2B-1E37314D2B10}.Debug|Any CPU.Build.0 = Debug|Any CPU
		{E5CD3F9A-0323-41CA-BB2B-1E37314D2B10}.Release|Any CPU.ActiveCfg = Release|Any CPU
		{E5CD3F9A-0323-41CA-BB2B-1E37314D2B10}.Release|Any CPU.Build.0 = Release|Any CPU
		{2D9AA020-32B9-46BF-B626-06F77C490F8D}.Debug|Any CPU.ActiveCfg = Debug|Any CPU
		{2D9AA020-32B9-46BF-B626-06F77C490F8D}.Debug|Any CPU.Build.0 = Debug|Any CPU
		{2D9AA020-32B9-46BF-B626-06F77C490F8D}.Release|Any CPU.ActiveCfg = Release|Any CPU
		{2D9AA020-32B9-46BF-B626-06F77C490F8D}.Release|Any CPU.Build.0 = Release|Any CPU
		{0A2A1CB2-B516-4EFF-9B3F-57D9D56B710C}.Debug|Any CPU.ActiveCfg = Debug|Any CPU
		{0A2A1CB2-B516-4EFF-9B3F-57D9D56B710C}.Debug|Any CPU.Build.0 = Debug|Any CPU
		{0A2A1CB2-B516-4EFF-9B3F-57D9D56B710C}.Release|Any CPU.ActiveCfg = Release|Any CPU
		{0A2A1CB2-B516-4EFF-9B3F-57D9D56B710C}.Release|Any CPU.Build.0 = Release|Any CPU
	EndGlobalSection
	GlobalSection(SolutionProperties) = preSolution
		HideSolutionNode = FALSE
	EndGlobalSection
EndGlobal
